
Microsoft Visual Studio Solution File, Format Version 12.00
# Visual Studio 15
VisualStudioVersion = 15.0.28010.2036
MinimumVisualStudioVersion = 10.0.40219.1
Project("{FAE04EC0-301F-11D3-BF4B-00C04F79EFBC}") = "LineParser", "LineParser\LineParser.csproj", "{4EB63E3D-AC58-4583-AECC-88B25E93D92A}"
EndProject
Project("{FAE04EC0-301F-11D3-BF4B-00C04F79EFBC}") = "LineParserTests", "LineParserTests\LineParserTests.csproj", "{283933CA-7946-481A-BAF4-19C90DFE4A5F}"
EndProject
Global
	GlobalSection(SolutionConfigurationPlatforms) = preSolution
		Debug|Any CPU = Debug|Any CPU
		Release|Any CPU = Release|Any CPU
	EndGlobalSection
	GlobalSection(ProjectConfigurationPlatforms) = postSolution
		{4EB63E3D-AC58-4583-AECC-88B25E93D92A}.Debug|Any CPU.ActiveCfg = Debug|Any CPU
		{4EB63E3D-AC58-4583-AECC-88B25E93D92A}.Debug|Any CPU.Build.0 = Debug|Any CPU
		{4EB63E3D-AC58-4583-AECC-88B25E93D92A}.Release|Any CPU.ActiveCfg = Release|Any CPU
		{4EB63E3D-AC58-4583-AECC-88B25E93D92A}.Release|Any CPU.Build.0 = Release|Any CPU
		{283933CA-7946-481A-BAF4-19C90DFE4A5F}.Debug|Any CPU.ActiveCfg = Debug|Any CPU
		{283933CA-7946-481A-BAF4-19C90DFE4A5F}.Debug|Any CPU.Build.0 = Debug|Any CPU
		{283933CA-7946-481A-BAF4-19C90DFE4A5F}.Release|Any CPU.ActiveCfg = Release|Any CPU
		{283933CA-7946-481A-BAF4-19C90DFE4A5F}.Release|Any CPU.Build.0 = Release|Any CPU
	EndGlobalSection
	GlobalSection(SolutionProperties) = preSolution
		HideSolutionNode = FALSE
	EndGlobalSection
	GlobalSection(ExtensibilityGlobals) = postSolution
		SolutionGuid = {6E76C965-3C87-4021-A5E0-A05C8DB77750}
	EndGlobalSection
EndGlobal
